
Microsoft Visual Studio Solution File, Format Version 12.00
# Visual Studio Version 17
VisualStudioVersion = 17.9.34728.123
MinimumVisualStudioVersion = 10.0.40219.1
Project("{FAE04EC0-301F-11D3-BF4B-00C04F79EFBC}") = "Lab4", "Lab4.csproj", "{525FAADD-69C0-4207-AFEC-DA621672E21C}"
EndProject
Project("{FAE04EC0-301F-11D3-BF4B-00C04F79EFBC}") = "Lab4Tests", "..\Lab4Tests1\Lab4Tests.csproj", "{5D2B5BC9-9510-4B34-AD9F-C5E46767FD6A}"
EndProject
Global
	GlobalSection(SolutionConfigurationPlatforms) = preSolution
		Debug|Any CPU = Debug|Any CPU
		Release|Any CPU = Release|Any CPU
	EndGlobalSection
	GlobalSection(ProjectConfigurationPlatforms) = postSolution
		{525FAADD-69C0-4207-AFEC-DA621672E21C}.Debug|Any CPU.ActiveCfg = Debug|Any CPU
		{525FAADD-69C0-4207-AFEC-DA621672E21C}.Debug|Any CPU.Build.0 = Debug|Any CPU
		{525FAADD-69C0-4207-AFEC-DA621672E21C}.Release|Any CPU.ActiveCfg = Release|Any CPU
		{525FAADD-69C0-4207-AFEC-DA621672E21C}.Release|Any CPU.Build.0 = Release|Any CPU
		{5D2B5BC9-9510-4B34-AD9F-C5E46767FD6A}.Debug|Any CPU.ActiveCfg = Debug|Any CPU
		{5D2B5BC9-9510-4B34-AD9F-C5E46767FD6A}.Debug|Any CPU.Build.0 = Debug|Any CPU
		{5D2B5BC9-9510-4B34-AD9F-C5E46767FD6A}.Release|Any CPU.ActiveCfg = Release|Any CPU
		{5D2B5BC9-9510-4B34-AD9F-C5E46767FD6A}.Release|Any CPU.Build.0 = Release|Any CPU
	EndGlobalSection
	GlobalSection(SolutionProperties) = preSolution
		HideSolutionNode = FALSE
	EndGlobalSection
	GlobalSection(ExtensibilityGlobals) = postSolution
		SolutionGuid = {8A7D83F4-3A22-4372-8B55-04435F72BC31}
	EndGlobalSection
EndGlobal
